
Microsoft Visual Studio Solution File, Format Version 12.00
# Visual Studio Version 16
VisualStudioVersion = 25.0.1706.5
MinimumVisualStudioVersion = 10.0.40219.1
Project("{FAE04EC0-301F-11D3-BF4B-00C04F79EFBC}") = "Priorities", "Priorities\Priorities.csproj", "{91192315-2352-4C23-B55C-625EA8592BCD}"
EndProject
Global
	GlobalSection(SolutionConfigurationPlatforms) = preSolution
		Debug|Any CPU = Debug|Any CPU
		Release|Any CPU = Release|Any CPU
	EndGlobalSection
	GlobalSection(ProjectConfigurationPlatforms) = postSolution
		{91192315-2352-4C23-B55C-625EA8592BCD}.Debug|Any CPU.ActiveCfg = Debug|Any CPU
		{91192315-2352-4C23-B55C-625EA8592BCD}.Debug|Any CPU.Build.0 = Debug|Any CPU
		{91192315-2352-4C23-B55C-625EA8592BCD}.Release|Any CPU.ActiveCfg = Release|Any CPU
		{91192315-2352-4C23-B55C-625EA8592BCD}.Release|Any CPU.Build.0 = Release|Any CPU
	EndGlobalSection
	GlobalSection(SolutionProperties) = preSolution
		HideSolutionNode = FALSE
	EndGlobalSection
	GlobalSection(ExtensibilityGlobals) = postSolution
		SolutionGuid = {7226E9D9-6AEA-4708-9E61-FC9AC7D18FF1}
	EndGlobalSection
EndGlobal
